Microsoft Visual Studio Solution File, Format Version 12.00
# Visual Studio Version 17
VisualStudioVersion = 17.5.2.0
MinimumVisualStudioVersion = 10.0.40219.1
Project("{FAE04EC0-301F-11D3-BF4B-00C04F79EFBC}") = "capybara", "capybara.csproj", "{3B810E5C-9273-1D31-DF72-A5CB3E49850A}"
EndProject
Global
	GlobalSection(SolutionConfigurationPlatforms) = preSolution
		Debug|Any CPU = Debug|Any CPU
		Release|Any CPU = Release|Any CPU
	EndGlobalSection
	GlobalSection(ProjectConfigurationPlatforms) = postSolution
		{3B810E5C-9273-1D31-DF72-A5CB3E49850A}.Debug|Any CPU.ActiveCfg = Debug|Any CPU
		{3B810E5C-9273-1D31-DF72-A5CB3E49850A}.Debug|Any CPU.Build.0 = Debug|Any CPU
		{3B810E5C-9273-1D31-DF72-A5CB3E49850A}.Release|Any CPU.ActiveCfg = Release|Any CPU
		{3B810E5C-9273-1D31-DF72-A5CB3E49850A}.Release|Any CPU.Build.0 = Release|Any CPU
	EndGlobalSection
	GlobalSection(SolutionProperties) = preSolution
		HideSolutionNode = FALSE
	EndGlobalSection
	GlobalSection(ExtensibilityGlobals) = postSolution
		SolutionGuid = {084D3169-9305-40BC-A069-06DB707D35B1}
	EndGlobalSection
EndGlobal
